
Microsoft Visual Studio Solution File, Format Version 12.00
# Visual Studio Version 17
VisualStudioVersion = 17.10.34928.147
MinimumVisualStudioVersion = 10.0.40219.1
Project("{9A19103F-16F7-4668-BE54-9A1E7A4F7556}") = "BulkyWeb", "BulkyWeb\BulkyWeb.csproj", "{F5FCB2B1-AF72-4C39-9214-A52B88C278CC}"
EndProject
Project("{FAE04EC0-301F-11D3-BF4B-00C04F79EFBC}") = "Bulky.DataAccess", "Bulky.DataAccess\Bulky.DataAccess.csproj", "{9290E15A-4600-48C6-8CE1-164F9B5C3AB7}"
EndProject
Project("{FAE04EC0-301F-11D3-BF4B-00C04F79EFBC}") = "Bulky.Models", "Bulky.Models\Bulky.Models.csproj", "{3B5E8167-F82A-490A-82EC-4D874D43D539}"
EndProject
Project("{FAE04EC0-301F-11D3-BF4B-00C04F79EFBC}") = "Bulky.Utility", "Bulky.Utility\Bulky.Utility.csproj", "{4BB5C451-5396-413C-82EA-4CA6CA0D2689}"
EndProject
Global
	GlobalSection(SolutionConfigurationPlatforms) = preSolution
		Debug|Any CPU = Debug|Any CPU
		Release|Any CPU = Release|Any CPU
	EndGlobalSection
	GlobalSection(ProjectConfigurationPlatforms) = postSolution
		{F5FCB2B1-AF72-4C39-9214-A52B88C278CC}.Debug|Any CPU.ActiveCfg = Debug|Any CPU
		{F5FCB2B1-AF72-4C39-9214-A52B88C278CC}.Debug|Any CPU.Build.0 = Debug|Any CPU
		{F5FCB2B1-AF72-4C39-9214-A52B88C278CC}.Release|Any CPU.ActiveCfg = Release|Any CPU
		{F5FCB2B1-AF72-4C39-9214-A52B88C278CC}.Release|Any CPU.Build.0 = Release|Any CPU
		{9290E15A-4600-48C6-8CE1-164F9B5C3AB7}.Debug|Any CPU.ActiveCfg = Debug|Any CPU
		{9290E15A-4600-48C6-8CE1-164F9B5C3AB7}.Debug|Any CPU.Build.0 = Debug|Any CPU
		{9290E15A-4600-48C6-8CE1-164F9B5C3AB7}.Release|Any CPU.ActiveCfg = Release|Any CPU
		{9290E15A-4600-48C6-8CE1-164F9B5C3AB7}.Release|Any CPU.Build.0 = Release|Any CPU
		{3B5E8167-F82A-490A-82EC-4D874D43D539}.Debug|Any CPU.ActiveCfg = Debug|Any CPU
		{3B5E8167-F82A-490A-82EC-4D874D43D539}.Debug|Any CPU.Build.0 = Debug|Any CPU
		{3B5E8167-F82A-490A-82EC-4D874D43D539}.Release|Any CPU.ActiveCfg = Release|Any CPU
		{3B5E8167-F82A-490A-82EC-4D874D43D539}.Release|Any CPU.Build.0 = Release|Any CPU
		{4BB5C451-5396-413C-82EA-4CA6CA0D2689}.Debug|Any CPU.ActiveCfg = Debug|Any CPU
		{4BB5C451-5396-413C-82EA-4CA6CA0D2689}.Debug|Any CPU.Build.0 = Debug|Any CPU
		{4BB5C451-5396-413C-82EA-4CA6CA0D2689}.Release|Any CPU.ActiveCfg = Release|Any CPU
		{4BB5C451-5396-413C-82EA-4CA6CA0D2689}.Release|Any CPU.Build.0 = Release|Any CPU
	EndGlobalSection
	GlobalSection(SolutionProperties) = preSolution
		HideSolutionNode = FALSE
	EndGlobalSection
	GlobalSection(ExtensibilityGlobals) = postSolution
		SolutionGuid = {6ABF7770-7FD5-4B12-BE98-14319E47E48D}
	EndGlobalSection
EndGlobal
