
Microsoft Visual Studio Solution File, Format Version 12.00
# Visual Studio Version 17
VisualStudioVersion = 17.10.34928.147
MinimumVisualStudioVersion = 10.0.40219.1
Project("{FAE04EC0-301F-11D3-BF4B-00C04F79EFBC}") = "BulkyWeb", "BulkyWeb\BulkyWeb.csproj", "{F5FCB2B1-AF72-4C39-9214-A52B88C278CC}"
EndProject
Global
	GlobalSection(SolutionConfigurationPlatforms) = preSolution
		Debug|Any CPU = Debug|Any CPU
		Release|Any CPU = Release|Any CPU
	EndGlobalSection
	GlobalSection(ProjectConfigurationPlatforms) = postSolution
		{F5FCB2B1-AF72-4C39-9214-A52B88C278CC}.Debug|Any CPU.ActiveCfg = Debug|Any CPU
		{F5FCB2B1-AF72-4C39-9214-A52B88C278CC}.Debug|Any CPU.Build.0 = Debug|Any CPU
		{F5FCB2B1-AF72-4C39-9214-A52B88C278CC}.Release|Any CPU.ActiveCfg = Release|Any CPU
		{F5FCB2B1-AF72-4C39-9214-A52B88C278CC}.Release|Any CPU.Build.0 = Release|Any CPU
	EndGlobalSection
	GlobalSection(SolutionProperties) = preSolution
		HideSolutionNode = FALSE
	EndGlobalSection
	GlobalSection(ExtensibilityGlobals) = postSolution
		SolutionGuid = {6ABF7770-7FD5-4B12-BE98-14319E47E48D}
	EndGlobalSection
EndGlobal
